
Microsoft Visual Studio Solution File, Format Version 12.00
# Visual Studio Version 17
VisualStudioVersion = 17.7.34202.233
MinimumVisualStudioVersion = 10.0.40219.1
Project("{FAE04EC0-301F-11D3-BF4B-00C04F79EFBC}") = "API_ListaTarefas", "API_ListaTarefas.csproj", "{6CA36B77-A5E1-4335-8016-FF691C29D002}"
EndProject
Global
	GlobalSection(SolutionConfigurationPlatforms) = preSolution
		Debug|Any CPU = Debug|Any CPU
		Release|Any CPU = Release|Any CPU
	EndGlobalSection
	GlobalSection(ProjectConfigurationPlatforms) = postSolution
		{6CA36B77-A5E1-4335-8016-FF691C29D002}.Debug|Any CPU.ActiveCfg = Debug|Any CPU
		{6CA36B77-A5E1-4335-8016-FF691C29D002}.Debug|Any CPU.Build.0 = Debug|Any CPU
		{6CA36B77-A5E1-4335-8016-FF691C29D002}.Release|Any CPU.ActiveCfg = Release|Any CPU
		{6CA36B77-A5E1-4335-8016-FF691C29D002}.Release|Any CPU.Build.0 = Release|Any CPU
	EndGlobalSection
	GlobalSection(SolutionProperties) = preSolution
		HideSolutionNode = FALSE
	EndGlobalSection
	GlobalSection(ExtensibilityGlobals) = postSolution
		SolutionGuid = {F9CD8A22-AE92-4F23-B3E0-79B573677FEA}
	EndGlobalSection
EndGlobal
